# This file is automatically @generated by Cargo.
# It is not intended for manual editing.
version = 4

[[package]]
name = "artop-codegen"
version = "0.1.0"
dependencies = [
 "emf-common",
]

[[package]]
name = "artop-runtime"
version = "0.1.0"
dependencies = [
 "emf-common",
]

[[package]]
name = "arxml-roundtrip"
version = "0.1.0"
dependencies = [
 "emf-common",
]

[[package]]
name = "arxml-validate"
version = "0.1.0"
dependencies = [
 "emf-common",
]

[[package]]
name = "autosar448-model"
version = "0.1.0"

[[package]]
name = "emf-acceleo"
version = "0.1.0"
dependencies = [
 "emf-common",
]

[[package]]
name = "emf-common"
version = "0.1.0"

[[package]]
name = "emf-compare"
version = "0.1.0"
dependencies = [
 "emf-common",
]

[[package]]
name = "emf-ecore"
version = "0.1.0"
dependencies = [
 "emf-common",
]

[[package]]
name = "emf-ecore-codegen"
version = "0.1.0"
dependencies = [
 "emf-common",
]

[[package]]
name = "emf-ecore-util"
version = "0.1.0"
dependencies = [
 "emf-common",
 "emf-ecore",
]

[[package]]
name = "emf-edit"
version = "0.1.0"
dependencies = [
 "emf-common",
]

[[package]]
name = "emf-sphinx"
version = "0.1.0"
dependencies = [
 "emf-common",
]

[[package]]
name = "emf-validation"
version = "0.1.0"
dependencies = [
 "emf-common",
]

[[package]]
name = "emf-xcore"
version = "0.1.0"
dependencies = [
 "emf-common",
]

[[package]]
name = "emf-xmi"
version = "0.1.0"
dependencies = [
 "emf-common",
 "emf-ecore",
]

[[package]]
name = "emf-xsd"
version = "0.1.0"
dependencies = [
 "emf-common",
]
