# This file is automatically @generated by Cargo.
# It is not intended for manual editing.
version = 4

[[package]]
name = "artop-codegen"
version = "1.0.0"
dependencies = [
 "emf-common",
 "emf-ecore",
 "emf-ecore-codegen",
 "emf-xmi",
]

[[package]]
name = "artop-runtime"
version = "1.0.0"
dependencies = [
 "autosar448-model",
 "emf-common",
 "emf-ecore",
 "emf-xmi",
]

[[package]]
name = "artop-validation"
version = "1.0.0"
dependencies = [
 "emf-common",
 "emf-ecore",
 "emf-validation",
]

[[package]]
name = "arxml-roundtrip"
version = "1.0.0"
dependencies = [
 "artop-runtime",
 "emf-common",
 "emf-ecore",
]

[[package]]
name = "arxml-validate"
version = "1.0.0"
dependencies = [
 "artop-runtime",
 "artop-validation",
 "emf-common",
 "emf-ecore",
 "emf-validation",
]

[[package]]
name = "autosar448-model"
version = "1.0.0"
dependencies = [
 "emf-ecore",
]

[[package]]
name = "emf-acceleo"
version = "1.0.0"
dependencies = [
 "emf-common",
 "emf-ecore",
 "emf-xcore",
]

[[package]]
name = "emf-common"
version = "1.0.0"

[[package]]
name = "emf-compare"
version = "1.0.0"
dependencies = [
 "emf-common",
 "emf-ecore",
 "emf-ecore-util",
]

[[package]]
name = "emf-ecore"
version = "1.0.0"
dependencies = [
 "emf-common",
]

[[package]]
name = "emf-ecore-codegen"
version = "1.0.0"
dependencies = [
 "emf-common",
 "emf-ecore",
 "emf-xmi",
]

[[package]]
name = "emf-ecore-util"
version = "1.0.0"
dependencies = [
 "emf-common",
 "emf-ecore",
]

[[package]]
name = "emf-edit"
version = "1.0.0"
dependencies = [
 "emf-common",
 "emf-ecore",
]

[[package]]
name = "emf-sphinx"
version = "1.0.0"
dependencies = [
 "emf-common",
 "emf-ecore",
 "emf-xmi",
]

[[package]]
name = "emf-validation"
version = "1.0.0"
dependencies = [
 "emf-common",
 "emf-ecore",
]

[[package]]
name = "emf-xcore"
version = "1.0.0"
dependencies = [
 "emf-common",
 "emf-ecore",
]

[[package]]
name = "emf-xmi"
version = "1.0.0"
dependencies = [
 "emf-common",
 "emf-ecore",
]

[[package]]
name = "emf-xsd"
version = "1.0.0"
dependencies = [
 "emf-common",
 "emf-xmi",
]
